<?xml version="1.0" encoding="utf-8"?>
<Project ToolsVersion="4.0" xmlns="http://schemas.microsoft.com/developer/msbuild/2003">
  <ItemGroup>
    <Filter Include="Archivos de origen">
      <UniqueIdentifier>{4FC737F1-C7A5-4376-A066-2A32D752A2FF}</UniqueIdentifier>
      <Extensions>cpp;c;cc;cxx;c++;cppm;ixx;def;odl;idl;hpj;bat;asm;asmx</Extensions>
    </Filter>
    <Filter Include="Archivos de encabezado">
      <UniqueIdentifier>{93995380-89BD-4b04-88EB-625FBE52EBFB}</UniqueIdentifier>
      <Extensions>h;hh;hpp;hxx;h++;hm;inl;inc;ipp;xsd</Extensions>
    </Filter>
    <Filter Include="Archivos de recursos">
      <UniqueIdentifier>{67DA6AB6-F800-4c08-8B7A-83BB121AAD01}</UniqueIdentifier>
      <Extensions>rc;ico;cur;bmp;dlg;rc2;rct;bin;rgs;gif;jpg;jpeg;jpe;resx;tiff;tif;png;wav;mfcribbon-ms</Extensions>
    </Filter>
  </ItemGroup>
  <ItemGroup>
    <ClInclude Include="SalesSystemModel.h">
      <Filter>Archivos de encabezado</Filter>
    </ClInclude>
    <ClInclude Include="Resource.h">
      <Filter>Archivos de encabezado</Filter>
    </ClInclude>
    <ClInclude Include="pch.h">
      <Filter>Archivos de encabezado</Filter>
    </ClInclude>
    <ClInclude Include="VoltageSource.h">
      <Filter>Archivos de encabezado</Filter>
    </ClInclude>
    <ClInclude Include="Breadboard.h">
      <Filter>Archivos de encabezado</Filter>
    </ClInclude>
    <ClInclude Include="Capacitor.h">
      <Filter>Archivos de encabezado</Filter>
    </ClInclude>
    <ClInclude Include="Customer.h">
      <Filter>Archivos de encabezado</Filter>
    </ClInclude>
    <ClInclude Include="Diode.h">
      <Filter>Archivos de encabezado</Filter>
    </ClInclude>
    <ClInclude Include="Inductor.h">
      <Filter>Archivos de encabezado</Filter>
    </ClInclude>
    <ClInclude Include="JumperWire.h">
      <Filter>Archivos de encabezado</Filter>
    </ClInclude>
    <ClInclude Include="Offer.h">
      <Filter>Archivos de encabezado</Filter>
    </ClInclude>
    <ClInclude Include="OfferDetail.h">
      <Filter>Archivos de encabezado</Filter>
    </ClInclude>
    <ClInclude Include="Person.h">
      <Filter>Archivos de encabezado</Filter>
    </ClInclude>
    <ClInclude Include="Product.h">
      <Filter>Archivos de encabezado</Filter>
    </ClInclude>
    <ClInclude Include="ProductPickUp.h">
      <Filter>Archivos de encabezado</Filter>
    </ClInclude>
    <ClInclude Include="ProductReturn.h">
      <Filter>Archivos de encabezado</Filter>
    </ClInclude>
    <ClInclude Include="ProductReview.h">
      <Filter>Archivos de encabezado</Filter>
    </ClInclude>
    <ClInclude Include="ProfilePreferences.h">
      <Filter>Archivos de encabezado</Filter>
    </ClInclude>
    <ClInclude Include="Provider.h">
      <Filter>Archivos de encabezado</Filter>
    </ClInclude>
    <ClInclude Include="Resistor.h">
      <Filter>Archivos de encabezado</Filter>
    </ClInclude>
    <ClInclude Include="Sale.h">
      <Filter>Archivos de encabezado</Filter>
    </ClInclude>
    <ClInclude Include="SaleDetail.h">
      <Filter>Archivos de encabezado</Filter>
    </ClInclude>
    <ClInclude Include="StoreOperator.h">
      <Filter>Archivos de encabezado</Filter>
    </ClInclude>
    <ClInclude Include="Stock.h">
      <Filter>Archivos de encabezado</Filter>
    </ClInclude>
    <ClInclude Include="Supply.h">
      <Filter>Archivos de encabezado</Filter>
    </ClInclude>
    <ClInclude Include="SupplyDetail.h">
      <Filter>Archivos de encabezado</Filter>
    </ClInclude>
    <ClInclude Include="Switch.h">
      <Filter>Archivos de encabezado</Filter>
    </ClInclude>
    <ClInclude Include="VipCustomer.h">
      <Filter>Archivos de encabezado</Filter>
    </ClInclude>
    <ClInclude Include="UserSession.h">
      <Filter>Archivos de encabezado</Filter>
    </ClInclude>
    <ClInclude Include="Order.h">
      <Filter>Archivos de encabezado</Filter>
    </ClInclude>
    <ClInclude Include="OrderProduct.h">
      <Filter>Archivos de encabezado</Filter>
    </ClInclude>
  </ItemGroup>
  <ItemGroup>
    <ClCompile Include="SalesSystemModel.cpp">
      <Filter>Archivos de origen</Filter>
    </ClCompile>
    <ClCompile Include="AssemblyInfo.cpp">
      <Filter>Archivos de origen</Filter>
    </ClCompile>
    <ClCompile Include="pch.cpp">
      <Filter>Archivos de origen</Filter>
    </ClCompile>
    <ClCompile Include="VoltageSource.cpp">
      <Filter>Archivos de origen</Filter>
    </ClCompile>
    <ClCompile Include="Breadboard.cpp">
      <Filter>Archivos de origen</Filter>
    </ClCompile>
    <ClCompile Include="Capacitor.cpp">
      <Filter>Archivos de origen</Filter>
    </ClCompile>
    <ClCompile Include="Customer.cpp">
      <Filter>Archivos de origen</Filter>
    </ClCompile>
    <ClCompile Include="Diode.cpp">
      <Filter>Archivos de origen</Filter>
    </ClCompile>
    <ClCompile Include="Inductor.cpp">
      <Filter>Archivos de origen</Filter>
    </ClCompile>
    <ClCompile Include="JumperWire.cpp">
      <Filter>Archivos de origen</Filter>
    </ClCompile>
    <ClCompile Include="Offer.cpp">
      <Filter>Archivos de origen</Filter>
    </ClCompile>
    <ClCompile Include="OfferDetail.cpp">
      <Filter>Archivos de origen</Filter>
    </ClCompile>
    <ClCompile Include="Person.cpp">
      <Filter>Archivos de origen</Filter>
    </ClCompile>
    <ClCompile Include="Product.cpp">
      <Filter>Archivos de origen</Filter>
    </ClCompile>
    <ClCompile Include="ProductPickUp.cpp">
      <Filter>Archivos de origen</Filter>
    </ClCompile>
    <ClCompile Include="ProductReturn.cpp">
      <Filter>Archivos de origen</Filter>
    </ClCompile>
    <ClCompile Include="ProductReview.cpp">
      <Filter>Archivos de origen</Filter>
    </ClCompile>
    <ClCompile Include="ProfilePreferences.cpp">
      <Filter>Archivos de origen</Filter>
    </ClCompile>
    <ClCompile Include="Provider.cpp">
      <Filter>Archivos de origen</Filter>
    </ClCompile>
    <ClCompile Include="Resistor.cpp">
      <Filter>Archivos de origen</Filter>
    </ClCompile>
    <ClCompile Include="Sale.cpp">
      <Filter>Archivos de origen</Filter>
    </ClCompile>
    <ClCompile Include="SaleDetail.cpp">
      <Filter>Archivos de origen</Filter>
    </ClCompile>
    <ClCompile Include="StoreOperator.cpp">
      <Filter>Archivos de origen</Filter>
    </ClCompile>
    <ClCompile Include="Stock.cpp">
      <Filter>Archivos de origen</Filter>
    </ClCompile>
    <ClCompile Include="Supply.cpp">
      <Filter>Archivos de origen</Filter>
    </ClCompile>
    <ClCompile Include="SupplyDetail.cpp">
      <Filter>Archivos de origen</Filter>
    </ClCompile>
    <ClCompile Include="Switch.cpp">
      <Filter>Archivos de origen</Filter>
    </ClCompile>
    <ClCompile Include="VipCustomer.cpp">
      <Filter>Archivos de origen</Filter>
    </ClCompile>
    <ClCompile Include="UserSession.cpp">
      <Filter>Archivos de origen</Filter>
    </ClCompile>
    <ClCompile Include="Order.cpp">
      <Filter>Archivos de origen</Filter>
    </ClCompile>
    <ClCompile Include="OrderProduct.cpp">
      <Filter>Archivos de origen</Filter>
    </ClCompile>
  </ItemGroup>
  <ItemGroup>
    <ResourceCompile Include="app.rc">
      <Filter>Archivos de recursos</Filter>
    </ResourceCompile>
  </ItemGroup>
  <ItemGroup>
    <Image Include="app.ico">
      <Filter>Archivos de recursos</Filter>
    </Image>
  </ItemGroup>
</Project>